
Microsoft Visual Studio Solution File, Format Version 12.00
# Visual Studio Version 17
VisualStudioVersion = 17.14.36623.8 d17.14
MinimumVisualStudioVersion = 10.0.40219.1
Project("{FAE04EC0-301F-11D3-BF4B-00C04F79EFBC}") = "FeasibilityFormApp", "FeasibilityFormApp.csproj", "{4439B0C8-BABD-4497-A5F0-590170BBA3A3}"
EndProject
Global
	GlobalSection(SolutionConfigurationPlatforms) = preSolution
		Debug|Any CPU = Debug|Any CPU
		Release|Any CPU = Release|Any CPU
	EndGlobalSection
	GlobalSection(ProjectConfigurationPlatforms) = postSolution
		{4439B0C8-BABD-4497-A5F0-590170BBA3A3}.Debug|Any CPU.ActiveCfg = Debug|Any CPU
		{4439B0C8-BABD-4497-A5F0-590170BBA3A3}.Debug|Any CPU.Build.0 = Debug|Any CPU
		{4439B0C8-BABD-4497-A5F0-590170BBA3A3}.Release|Any CPU.ActiveCfg = Release|Any CPU
		{4439B0C8-BABD-4497-A5F0-590170BBA3A3}.Release|Any CPU.Build.0 = Release|Any CPU
	EndGlobalSection
	GlobalSection(SolutionProperties) = preSolution
		HideSolutionNode = FALSE
	EndGlobalSection
	GlobalSection(ExtensibilityGlobals) = postSolution
		SolutionGuid = {C5BC24AD-3807-449F-9EFF-76E26CA72870}
	EndGlobalSection
EndGlobal
